{
  "name": "webmarine-core",
  "version": "0.0.1-IT",
  "lockfileVersion": 2,
  "requires": true,
  "packages": {
    "": {
      "version": "0.0.1-IT",
      "license": "GPL-2.0",
      "dependencies": {
        "cannon": "^0.6.2",
        "three": "^0.129.0"
      },
      "devDependencies": {
        "@types/cannon": "^0.1.5",
        "@types/three": "^0.129.0",
        "esbuild": "^0.12.5"
      }
    },
    "node_modules/@types/cannon": {
      "version": "0.1.5",
      "resolved": "https://registry.npmjs.org/@types/cannon/-/cannon-0.1.5.tgz",
      "integrity": "sha512-o+FQmZV4fDXKI1W+1Rt3FNDmMGU7Iv4ObWFAH/dVB9AqzdgD7FmbW4QmsxVQGcj8a563xyVV9UXVB9rba7ps2w==",
      "dev": true
    },
    "node_modules/@types/three": {
      "version": "0.129.0",
      "resolved": "https://registry.npmjs.org/@types/three/-/three-0.129.0.tgz",
      "integrity": "sha512-VXmECXDxDZUCZwp1/lGBb5Unw03gAZcz6MYtatOf0vbG4kVeHjxKM7/71o2fVRA+j/JNzVUiegXwXBOu07D3Ug==",
      "dev": true
    },
    "node_modules/cannon": {
      "version": "0.6.2",
      "resolved": "https://registry.npmjs.org/cannon/-/cannon-0.6.2.tgz",
      "integrity": "sha1-HnvHLdWEGYLzwQTCvFeL+k+xxXI=",
      "engines": {
        "node": "*"
      }
    },
    "node_modules/esbuild": {
      "version": "0.12.5",
      "resolved": "https://registry.npmjs.org/esbuild/-/esbuild-0.12.5.tgz",
      "integrity": "sha512-vcuP53pA5XiwUU4FnlXM+2PnVjTfHGthM7uP1gtp+9yfheGvFFbq/KyuESThmtoHPUrfZH5JpxGVJIFDVD1Egw==",
      "dev": true,
      "hasInstallScript": true,
      "bin": {
        "esbuild": "bin/esbuild"
      }
    },
    "node_modules/three": {
      "version": "0.129.0",
      "resolved": "https://registry.npmjs.org/three/-/three-0.129.0.tgz",
      "integrity": "sha512-wiWio1yVRg2Oj6WEWsTHQo5eSzYpEwSBtPSi3OofNpvFbf26HFfb9kw4FZJNjII4qxzp0b1xLB11+tKkBGB1ZA=="
    }
  },
  "dependencies": {
    "@types/cannon": {
      "version": "0.1.5",
      "resolved": "https://registry.npmjs.org/@types/cannon/-/cannon-0.1.5.tgz",
      "integrity": "sha512-o+FQmZV4fDXKI1W+1Rt3FNDmMGU7Iv4ObWFAH/dVB9AqzdgD7FmbW4QmsxVQGcj8a563xyVV9UXVB9rba7ps2w==",
      "dev": true
    },
    "@types/three": {
      "version": "0.129.0",
      "resolved": "https://registry.npmjs.org/@types/three/-/three-0.129.0.tgz",
      "integrity": "sha512-VXmECXDxDZUCZwp1/lGBb5Unw03gAZcz6MYtatOf0vbG4kVeHjxKM7/71o2fVRA+j/JNzVUiegXwXBOu07D3Ug==",
      "dev": true
    },
    "cannon": {
      "version": "0.6.2",
      "resolved": "https://registry.npmjs.org/cannon/-/cannon-0.6.2.tgz",
      "integrity": "sha1-HnvHLdWEGYLzwQTCvFeL+k+xxXI="
    },
    "esbuild": {
      "version": "0.12.5",
      "resolved": "https://registry.npmjs.org/esbuild/-/esbuild-0.12.5.tgz",
      "integrity": "sha512-vcuP53pA5XiwUU4FnlXM+2PnVjTfHGthM7uP1gtp+9yfheGvFFbq/KyuESThmtoHPUrfZH5JpxGVJIFDVD1Egw==",
      "dev": true
    },
    "three": {
      "version": "0.129.0",
      "resolved": "https://registry.npmjs.org/three/-/three-0.129.0.tgz",
      "integrity": "sha512-wiWio1yVRg2Oj6WEWsTHQo5eSzYpEwSBtPSi3OofNpvFbf26HFfb9kw4FZJNjII4qxzp0b1xLB11+tKkBGB1ZA=="
    }
  }
}
